// !$*UTF8*$!
{
	archiveVersion = 1;
	classes = {
	};
	objectVersion = 46;
	objects = {

/* Begin PBXBuildFile section */
		AB4668FA1F00943500354538 /* AppDelegate.swift in Sources */ = {isa = PBXBuildFile; fileRef = AB4668F91F00943500354538 /* AppDelegate.swift */; };
		AB4668FC1F00943500354538 /* ViewController.swift in Sources */ = {isa = PBXBuildFile; fileRef = AB4668FB1F00943500354538 /* ViewController.swift */; };
		AB4668FF1F00943500354538 /* Main.storyboard in Resources */ = {isa = PBXBuildFile; fileRef = AB4668FD1F00943500354538 /* Main.storyboard */; };
		AB4669011F00943500354538 /* Assets.xcassets in Resources */ = {isa = PBXBuildFile; fileRef = AB4669001F00943500354538 /* Assets.xcassets */; };
		AB4669041F00943500354538 /* LaunchScreen.storyboard in Resources */ = {isa = PBXBuildFile; fileRef = AB4669021F00943500354538 /* LaunchScreen.storyboard */; };
		AB46690F1F00943500354538 /* SaveTheKittensExceptTheHairlessOnesTests.swift in Sources */ = {isa = PBXBuildFile; fileRef = AB46690E1F00943500354538 /* SaveTheKittensExceptTheHairlessOnesTests.swift */; };
		AB46691A1F00943500354538 /* SaveTheKittensExceptTheHairlessOnesUITests.swift in Sources */ = {isa = PBXBuildFile; fileRef = AB4669191F00943500354538 /* SaveTheKittensExceptTheHairlessOnesUITests.swift */; };
/* End PBXBuildFile section */

/* Begin PBXContainerItemProxy section */
		AB46690B1F00943500354538 /* PBXContainerItemProxy */ = {
			isa = PBXContainerItemProxy;
			containerPortal = AB4668EE1F00943500354538 /* Project object */;
			proxyType = 1;
			remoteGlobalIDString = AB4668F51F00943500354538;
			remoteInfo = SaveTheKittensExceptTheHairlessOnes;
		};
		AB4669161F00943500354538 /* PBXContainerItemProxy */ = {
			isa = PBXContainerItemProxy;
			containerPortal = AB4668EE1F00943500354538 /* Project object */;
			proxyType = 1;
			remoteGlobalIDString = AB4668F51F00943500354538;
			remoteInfo = SaveTheKittensExceptTheHairlessOnes;
		};
/* End PBXContainerItemProxy section */

/* Begin PBXFileReference section */
		AB4668F61F00943500354538 /* SaveTheKittensExceptTheHairlessOnes.app */ = {isa = PBXFileReference; explicitFileType = wrapper.application; includeInIndex = 0; path = SaveTheKittensExceptTheHairlessOnes.app; sourceTree = BUILT_PRODUCTS_DIR; };
		AB4668F91F00943500354538 /* AppDelegate.swift */ = {isa = PBXFileReference; lastKnownFileType = sourcecode.swift; path = AppDelegate.swift; sourceTree = "<group>"; };
		AB4668FB1F00943500354538 /* ViewController.swift */ = {isa = PBXFileReference; lastKnownFileType = sourcecode.swift; path = ViewController.swift; sourceTree = "<group>"; };
		AB4668FE1F00943500354538 /* Base */ = {isa = PBXFileReference; lastKnownFileType = file.storyboard; name = Base; path = Base.lproj/Main.storyboard; sourceTree = "<group>"; };
		AB4669001F00943500354538 /* Assets.xcassets */ = {isa = PBXFileReference; lastKnownFileType = folder.assetcatalog; path = Assets.xcassets; sourceTree = "<group>"; };
		AB4669031F00943500354538 /* Base */ = {isa = PBXFileReference; lastKnownFileType = file.storyboard; name = Base; path = Base.lproj/LaunchScreen.storyboard; sourceTree = "<group>"; };
		AB4669051F00943500354538 /* Info.plist */ = {isa = PBXFileReference; lastKnownFileType = text.plist.xml; path = Info.plist; sourceTree = "<group>"; };
		AB46690A1F00943500354538 /* SaveTheKittensExceptTheHairlessOnesTests.xctest */ = {isa = PBXFileReference; explicitFileType = wrapper.cfbundle; includeInIndex = 0; path = SaveTheKittensExceptTheHairlessOnesTests.xctest; sourceTree = BUILT_PRODUCTS_DIR; };
		AB46690E1F00943500354538 /* SaveTheKittensExceptTheHairlessOnesTests.swift */ = {isa = PBXFileReference; lastKnownFileType = sourcecode.swift; path = SaveTheKittensExceptTheHairlessOnesTests.swift; sourceTree = "<group>"; };
		AB4669101F00943500354538 /* Info.plist */ = {isa = PBXFileReference; lastKnownFileType = text.plist.xml; path = Info.plist; sourceTree = "<group>"; };
		AB4669151F00943500354538 /* SaveTheKittensExceptTheHairlessOnesUITests.xctest */ = {isa = PBXFileReference; explicitFileType = wrapper.cfbundle; includeInIndex = 0; path = SaveTheKittensExceptTheHairlessOnesUITests.xctest; sourceTree = BUILT_PRODUCTS_DIR; };
		AB4669191F00943500354538 /* SaveTheKittensExceptTheHairlessOnesUITests.swift */ = {isa = PBXFileReference; lastKnownFileType = sourcecode.swift; path = SaveTheKittensExceptTheHairlessOnesUITests.swift; sourceTree = "<group>"; };
		AB46691B1F00943500354538 /* Info.plist */ = {isa = PBXFileReference; lastKnownFileType = text.plist.xml; path = Info.plist; sourceTree = "<group>"; };
/* End PBXFileReference section */

/* Begin PBXFrameworksBuildPhase section */
		AB4668F31F00943500354538 /* Frameworks */ = {
			isa = PBXFrameworksBuildPhase;
			buildActionMask = 2147483647;
			files = (
			);
			runOnlyForDeploymentPostprocessing = 0;
		};
		AB4669071F00943500354538 /* Frameworks */ = {
			isa = PBXFrameworksBuildPhase;
			buildActionMask = 2147483647;
			files = (
			);
			runOnlyForDeploymentPostprocessing = 0;
		};
		AB4669121F00943500354538 /* Frameworks */ = {
			isa = PBXFrameworksBuildPhase;
			buildActionMask = 2147483647;
			files = (
			);
			runOnlyForDeploymentPostprocessing = 0;
		};
/* End PBXFrameworksBuildPhase section */

/* Begin PBXGroup section */
		AB4668ED1F00943500354538 = {
			isa = PBXGroup;
			children = (
				AB4668F81F00943500354538 /* SaveTheKittensExceptTheHairlessOnes */,
				AB46690D1F00943500354538 /* SaveTheKittensExceptTheHairlessOnesTests */,
				AB4669181F00943500354538 /* SaveTheKittensExceptTheHairlessOnesUITests */,
				AB4668F71F00943500354538 /* Products */,
			);
			sourceTree = "<group>";
		};
		AB4668F71F00943500354538 /* Products */ = {
			isa = PBXGroup;
			children = (
				AB4668F61F00943500354538 /* SaveTheKittensExceptTheHairlessOnes.app */,
				AB46690A1F00943500354538 /* SaveTheKittensExceptTheHairlessOnesTests.xctest */,
				AB4669151F00943500354538 /* SaveTheKittensExceptTheHairlessOnesUITests.xctest */,
			);
			name = Products;
			sourceTree = "<group>";
		};
		AB4668F81F00943500354538 /* SaveTheKittensExceptTheHairlessOnes */ = {
			isa = PBXGroup;
			children = (
				AB4668F91F00943500354538 /* AppDelegate.swift */,
				AB4668FB1F00943500354538 /* ViewController.swift */,
				AB4668FD1F00943500354538 /* Main.storyboard */,
				AB4669001F00943500354538 /* Assets.xcassets */,
				AB4669021F00943500354538 /* LaunchScreen.storyboard */,
				AB4669051F00943500354538 /* Info.plist */,
			);
			path = SaveTheKittensExceptTheHairlessOnes;
			sourceTree = "<group>";
		};
		AB46690D1F00943500354538 /* SaveTheKittensExceptTheHairlessOnesTests */ = {
			isa = PBXGroup;
			children = (
				AB46690E1F00943500354538 /* SaveTheKittensExceptTheHairlessOnesTests.swift */,
				AB4669101F00943500354538 /* Info.plist */,
			);
			path = SaveTheKittensExceptTheHairlessOnesTests;
			sourceTree = "<group>";
		};
		AB4669181F00943500354538 /* SaveTheKittensExceptTheHairlessOnesUITests */ = {
			isa = PBXGroup;
			children = (
				AB4669191F00943500354538 /* SaveTheKittensExceptTheHairlessOnesUITests.swift */,
				AB46691B1F00943500354538 /* Info.plist */,
			);
			path = SaveTheKittensExceptTheHairlessOnesUITests;
			sourceTree = "<group>";
		};
/* End PBXGroup section */

/* Begin PBXNativeTarget section */
		AB4668F51F00943500354538 /* SaveTheKittensExceptTheHairlessOnes */ = {
			isa = PBXNativeTarget;
			buildConfigurationList = AB46691E1F00943500354538 /* Build configuration list for PBXNativeTarget "SaveTheKittensExceptTheHairlessOnes" */;
			buildPhases = (
				AB4668F21F00943500354538 /* Sources */,
				AB4668F31F00943500354538 /* Frameworks */,
				AB4668F41F00943500354538 /* Resources */,
			);
			buildRules = (
			);
			dependencies = (
			);
			name = SaveTheKittensExceptTheHairlessOnes;
			productName = SaveTheKittensExceptTheHairlessOnes;
			productReference = AB4668F61F00943500354538 /* SaveTheKittensExceptTheHairlessOnes.app */;
			productType = "com.apple.product-type.application";
		};
		AB4669091F00943500354538 /* SaveTheKittensExceptTheHairlessOnesTests */ = {
			isa = PBXNativeTarget;
			buildConfigurationList = AB4669211F00943500354538 /* Build configuration list for PBXNativeTarget "SaveTheKittensExceptTheHairlessOnesTests" */;
			buildPhases = (
				AB4669061F00943500354538 /* Sources */,
				AB4669071F00943500354538 /* Frameworks */,
				AB4669081F00943500354538 /* Resources */,
			);
			buildRules = (
			);
			dependencies = (
				AB46690C1F00943500354538 /* PBXTargetDependency */,
			);
			name = SaveTheKittensExceptTheHairlessOnesTests;
			productName = SaveTheKittensExceptTheHairlessOnesTests;
			productReference = AB46690A1F00943500354538 /* SaveTheKittensExceptTheHairlessOnesTests.xctest */;
			productType = "com.apple.product-type.bundle.unit-test";
		};
		AB4669141F00943500354538 /* SaveTheKittensExceptTheHairlessOnesUITests */ = {
			isa = PBXNativeTarget;
			buildConfigurationList = AB4669241F00943500354538 /* Build configuration list for PBXNativeTarget "SaveTheKittensExceptTheHairlessOnesUITests" */;
			buildPhases = (
				AB4669111F00943500354538 /* Sources */,
				AB4669121F00943500354538 /* Frameworks */,
				AB4669131F00943500354538 /* Resources */,
			);
			buildRules = (
			);
			dependencies = (
				AB4669171F00943500354538 /* PBXTargetDependency */,
			);
			name = SaveTheKittensExceptTheHairlessOnesUITests;
			productName = SaveTheKittensExceptTheHairlessOnesUITests;
			productReference = AB4669151F00943500354538 /* SaveTheKittensExceptTheHairlessOnesUITests.xctest */;
			productType = "com.apple.product-type.bundle.ui-testing";
		};
/* End PBXNativeTarget section */

/* Begin PBXProject section */
		AB4668EE1F00943500354538 /* Project object */ = {
			isa = PBXProject;
			attributes = {
				LastSwiftUpdateCheck = 0830;
				LastUpgradeCheck = 0830;
				ORGANIZATIONNAME = "Ray Morales";
				TargetAttributes = {
					AB4668F51F00943500354538 = {
						CreatedOnToolsVersion = 8.3.3;
						ProvisioningStyle = Automatic;
					};
					AB4669091F00943500354538 = {
						CreatedOnToolsVersion = 8.3.3;
						ProvisioningStyle = Automatic;
						TestTargetID = AB4668F51F00943500354538;
					};
					AB4669141F00943500354538 = {
						CreatedOnToolsVersion = 8.3.3;
						ProvisioningStyle = Automatic;
						TestTargetID = AB4668F51F00943500354538;
					};
				};
			};
			buildConfigurationList = AB4668F11F00943500354538 /* Build configuration list for PBXProject "SaveTheKittensExceptTheHairlessOnes" */;
			compatibilityVersion = "Xcode 3.2";
			developmentRegion = English;
			hasScannedForEncodings = 0;
			knownRegions = (
				en,
				Base,
			);
			mainGroup = AB4668ED1F00943500354538;
			productRefGroup = AB4668F71F00943500354538 /* Products */;
			projectDirPath = "";
			projectRoot = "";
			targets = (
				AB4668F51F00943500354538 /* SaveTheKittensExceptTheHairlessOnes */,
				AB4669091F00943500354538 /* SaveTheKittensExceptTheHairlessOnesTests */,
				AB4669141F00943500354538 /* SaveTheKittensExceptTheHairlessOnesUITests */,
			);
		};
/* End PBXProject section */

/* Begin PBXResourcesBuildPhase section */
		AB4668F41F00943500354538 /* Resources */ = {
			isa = PBXResourcesBuildPhase;
			buildActionMask = 2147483647;
			files = (
				AB4669041F00943500354538 /* LaunchScreen.storyboard in Resources */,
				AB4669011F00943500354538 /* Assets.xcassets in Resources */,
				AB4668FF1F00943500354538 /* Main.storyboard in Resources */,
			);
			runOnlyForDeploymentPostprocessing = 0;
		};
		AB4669081F00943500354538 /* Resources */ = {
			isa = PBXResourcesBuildPhase;
			buildActionMask = 2147483647;
			files = (
			);
			runOnlyForDeploymentPostprocessing = 0;
		};
		AB4669131F00943500354538 /* Resources */ = {
			isa = PBXResourcesBuildPhase;
			buildActionMask = 2147483647;
			files = (
			);
			runOnlyForDeploymentPostprocessing = 0;
		};
/* End PBXResourcesBuildPhase section */

/* Begin PBXSourcesBuildPhase section */
		AB4668F21F00943500354538 /* Sources */ = {
			isa = PBXSourcesBuildPhase;
			buildActionMask = 2147483647;
			files = (
				AB4668FC1F00943500354538 /* ViewController.swift in Sources */,
				AB4668FA1F00943500354538 /* AppDelegate.swift in Sources */,
			);
			runOnlyForDeploymentPostprocessing = 0;
		};
		AB4669061F00943500354538 /* Sources */ = {
			isa = PBXSourcesBuildPhase;
			buildActionMask = 2147483647;
			files = (
				AB46690F1F00943500354538 /* SaveTheKittensExceptTheHairlessOnesTests.swift in Sources */,
			);
			runOnlyForDeploymentPostprocessing = 0;
		};
		AB4669111F00943500354538 /* Sources */ = {
			isa = PBXSourcesBuildPhase;
			buildActionMask = 2147483647;
			files = (
				AB46691A1F00943500354538 /* SaveTheKittensExceptTheHairlessOnesUITests.swift in Sources */,
			);
			runOnlyForDeploymentPostprocessing = 0;
		};
/* End PBXSourcesBuildPhase section */

/* Begin PBXTargetDependency section */
		AB46690C1F00943500354538 /* PBXTargetDependency */ = {
			isa = PBXTargetDependency;
			target = AB4668F51F00943500354538 /* SaveTheKittensExceptTheHairlessOnes */;
			targetProxy = AB46690B1F00943500354538 /* PBXContainerItemProxy */;
		};
		AB4669171F00943500354538 /* PBXTargetDependency */ = {
			isa = PBXTargetDependency;
			target = AB4668F51F00943500354538 /* SaveTheKittensExceptTheHairlessOnes */;
			targetProxy = AB4669161F00943500354538 /* PBXContainerItemProxy */;
		};
/* End PBXTargetDependency section */

/* Begin PBXVariantGroup section */
		AB4668FD1F00943500354538 /* Main.storyboard */ = {
			isa = PBXVariantGroup;
			children = (
				AB4668FE1F00943500354538 /* Base */,
			);
			name = Main.storyboard;
			sourceTree = "<group>";
		};
		AB4669021F00943500354538 /* LaunchScreen.storyboard */ = {
			isa = PBXVariantGroup;
			children = (
				AB4669031F00943500354538 /* Base */,
			);
			name = LaunchScreen.storyboard;
			sourceTree = "<group>";
		};
/* End PBXVariantGroup section */

/* Begin XCBuildConfiguration section */
		AB46691C1F00943500354538 /* Debug */ = {
			isa = XCBuildConfiguration;
			buildSettings = {
				ALWAYS_SEARCH_USER_PATHS = NO;
				CLANG_ANALYZER_NONNULL = YES;
				CLANG_ANALYZER_NUMBER_OBJECT_CONVERSION = YES_AGGRESSIVE;
				CLANG_CXX_LANGUAGE_STANDARD = "gnu++0x";
				CLANG_CXX_LIBRARY = "libc++";
				CLANG_ENABLE_MODULES = YES;
				CLANG_ENABLE_OBJC_ARC = YES;
				CLANG_WARN_BOOL_CONVERSION = YES;
				CLANG_WARN_CONSTANT_CONVERSION = YES;
				CLANG_WARN_DIRECT_OBJC_ISA_USAGE = YES_ERROR;
				CLANG_WARN_DOCUMENTATION_COMMENTS = YES;
				CLANG_WARN_EMPTY_BODY = YES;
				CLANG_WARN_ENUM_CONVERSION = YES;
				CLANG_WARN_INFINITE_RECURSION = YES;
				CLANG_WARN_INT_CONVERSION = YES;
				CLANG_WARN_OBJC_ROOT_CLASS = YES_ERROR;
				CLANG_WARN_SUSPICIOUS_MOVE = YES;
				CLANG_WARN_UNREACHABLE_CODE = YES;
				CLANG_WARN__DUPLICATE_METHOD_MATCH = YES;
				"CODE_SIGN_IDENTITY[sdk=iphoneos*]" = "iPhone Developer";
				COPY_PHASE_STRIP = NO;
				DEBUG_INFORMATION_FORMAT = dwarf;
				ENABLE_STRICT_OBJC_MSGSEND = YES;
				ENABLE_TESTABILITY = YES;
				GCC_C_LANGUAGE_STANDARD = gnu99;
				GCC_DYNAMIC_NO_PIC = NO;
				GCC_NO_COMMON_BLOCKS = YES;
				GCC_OPTIMIZATION_LEVEL = 0;
				GCC_PREPROCESSOR_DEFINITIONS = (
					"DEBUG=1",
					"$(inherited)",
				);
				GCC_WARN_64_TO_32_BIT_CONVERSION = YES;
				GCC_WARN_ABOUT_RETURN_TYPE = YES_ERROR;
				GCC_WARN_UNDECLARED_SELECTOR = YES;
				GCC_WARN_UNINITIALIZED_AUTOS = YES_AGGRESSIVE;
				GCC_WARN_UNUSED_FUNCTION = YES;
				GCC_WARN_UNUSED_VARIABLE = YES;
				IPHONEOS_DEPLOYMENT_TARGET = 10.3;
				MTL_ENABLE_DEBUG_INFO = YES;
				ONLY_ACTIVE_ARCH = YES;
				SDKROOT = iphoneos;
				SWIFT_ACTIVE_COMPILATION_CONDITIONS = DEBUG;
				SWIFT_OPTIMIZATION_LEVEL = "-Onone";
				TARGETED_DEVICE_FAMILY = "1,2";
			};
			name = Debug;
		};
		AB46691D1F00943500354538 /* Release */ = {
			isa = XCBuildConfiguration;
			buildSettings = {
				ALWAYS_SEARCH_USER_PATHS = NO;
				CLANG_ANALYZER_NONNULL = YES;
				CLANG_ANALYZER_NUMBER_OBJECT_CONVERSION = YES_AGGRESSIVE;
				CLANG_CXX_LANGUAGE_STANDARD = "gnu++0x";
				CLANG_CXX_LIBRARY = "libc++";
				CLANG_ENABLE_MODULES = YES;
				CLANG_ENABLE_OBJC_ARC = YES;
				CLANG_WARN_BOOL_CONVERSION = YES;
				CLANG_WARN_CONSTANT_CONVERSION = YES;
				CLANG_WARN_DIRECT_OBJC_ISA_USAGE = YES_ERROR;
				CLANG_WARN_DOCUMENTATION_COMMENTS = YES;
				CLANG_WARN_EMPTY_BODY = YES;
				CLANG_WARN_ENUM_CONVERSION = YES;
				CLANG_WARN_INFINITE_RECURSION = YES;
				CLANG_WARN_INT_CONVERSION = YES;
				CLANG_WARN_OBJC_ROOT_CLASS = YES_ERROR;
				CLANG_WARN_SUSPICIOUS_MOVE = YES;
				CLANG_WARN_UNREACHABLE_CODE = YES;
				CLANG_WARN__DUPLICATE_METHOD_MATCH = YES;
				"CODE_SIGN_IDENTITY[sdk=iphoneos*]" = "iPhone Developer";
				COPY_PHASE_STRIP = NO;
				DEBUG_INFORMATION_FORMAT = "dwarf-with-dsym";
				ENABLE_NS_ASSERTIONS = NO;
				ENABLE_STRICT_OBJC_MSGSEND = YES;
				GCC_C_LANGUAGE_STANDARD = gnu99;
				GCC_NO_COMMON_BLOCKS = YES;
				GCC_WARN_64_TO_32_BIT_CONVERSION = YES;
				GCC_WARN_ABOUT_RETURN_TYPE = YES_ERROR;
				GCC_WARN_UNDECLARED_SELECTOR = YES;
				GCC_WARN_UNINITIALIZED_AUTOS = YES_AGGRESSIVE;
				GCC_WARN_UNUSED_FUNCTION = YES;
				GCC_WARN_UNUSED_VARIABLE = YES;
				IPHONEOS_DEPLOYMENT_TARGET = 10.3;
				MTL_ENABLE_DEBUG_INFO = NO;
				SDKROOT = iphoneos;
				SWIFT_OPTIMIZATION_LEVEL = "-Owholemodule";
				TARGETED_DEVICE_FAMILY = "1,2";
				VALIDATE_PRODUCT = YES;
			};
			name = Release;
		};
		AB46691F1F00943500354538 /* Debug */ = {
			isa = XCBuildConfiguration;
			buildSettings = {
				ASSETCATALOG_COMPILER_APPICON_NAME = AppIcon;
				INFOPLIST_FILE = SaveTheKittensExceptTheHairlessOnes/Info.plist;
				LD_RUNPATH_SEARCH_PATHS = "$(inherited) @executable_path/Frameworks";
				PRODUCT_BUNDLE_IDENTIFIER = com.ray.SaveTheKittensExceptTheHairlessOnes;
				PRODUCT_NAME = "$(TARGET_NAME)";
				SWIFT_VERSION = 3.0;
			};
			name = Debug;
		};
		AB4669201F00943500354538 /* Release */ = {
			isa = XCBuildConfiguration;
			buildSettings = {
				ASSETCATALOG_COMPILER_APPICON_NAME = AppIcon;
				INFOPLIST_FILE = SaveTheKittensExceptTheHairlessOnes/Info.plist;
				LD_RUNPATH_SEARCH_PATHS = "$(inherited) @executable_path/Frameworks";
				PRODUCT_BUNDLE_IDENTIFIER = com.ray.SaveTheKittensExceptTheHairlessOnes;
				PRODUCT_NAME = "$(TARGET_NAME)";
				SWIFT_VERSION = 3.0;
			};
			name = Release;
		};
		AB4669221F00943500354538 /* Debug */ = {
			isa = XCBuildConfiguration;
			buildSettings = {
				ALWAYS_EMBED_SWIFT_STANDARD_LIBRARIES = YES;
				BUNDLE_LOADER = "$(TEST_HOST)";
				INFOPLIST_FILE = SaveTheKittensExceptTheHairlessOnesTests/Info.plist;
				LD_RUNPATH_SEARCH_PATHS = "$(inherited) @executable_path/Frameworks @loader_path/Frameworks";
				PRODUCT_BUNDLE_IDENTIFIER = com.ray.SaveTheKittensExceptTheHairlessOnesTests;
				PRODUCT_NAME = "$(TARGET_NAME)";
				SWIFT_VERSION = 3.0;
				TEST_HOST = "$(BUILT_PRODUCTS_DIR)/SaveTheKittensExceptTheHairlessOnes.app/SaveTheKittensExceptTheHairlessOnes";
			};
			name = Debug;
		};
		AB4669231F00943500354538 /* Release */ = {
			isa = XCBuildConfiguration;
			buildSettings = {
				ALWAYS_EMBED_SWIFT_STANDARD_LIBRARIES = YES;
				BUNDLE_LOADER = "$(TEST_HOST)";
				INFOPLIST_FILE = SaveTheKittensExceptTheHairlessOnesTests/Info.plist;
				LD_RUNPATH_SEARCH_PATHS = "$(inherited) @executable_path/Frameworks @loader_path/Frameworks";
				PRODUCT_BUNDLE_IDENTIFIER = com.ray.SaveTheKittensExceptTheHairlessOnesTests;
				PRODUCT_NAME = "$(TARGET_NAME)";
				SWIFT_VERSION = 3.0;
				TEST_HOST = "$(BUILT_PRODUCTS_DIR)/SaveTheKittensExceptTheHairlessOnes.app/SaveTheKittensExceptTheHairlessOnes";
			};
			name = Release;
		};
		AB4669251F00943500354538 /* Debug */ = {
			isa = XCBuildConfiguration;
			buildSettings = {
				ALWAYS_EMBED_SWIFT_STANDARD_LIBRARIES = YES;
				INFOPLIST_FILE = SaveTheKittensExceptTheHairlessOnesUITests/Info.plist;
				LD_RUNPATH_SEARCH_PATHS = "$(inherited) @executable_path/Frameworks @loader_path/Frameworks";
				PRODUCT_BUNDLE_IDENTIFIER = com.ray.SaveTheKittensExceptTheHairlessOnesUITests;
				PRODUCT_NAME = "$(TARGET_NAME)";
				SWIFT_VERSION = 3.0;
				TEST_TARGET_NAME = SaveTheKittensExceptTheHairlessOnes;
			};
			name = Debug;
		};
		AB4669261F00943500354538 /* Release */ = {
			isa = XCBuildConfiguration;
			buildSettings = {
				ALWAYS_EMBED_SWIFT_STANDARD_LIBRARIES = YES;
				INFOPLIST_FILE = SaveTheKittensExceptTheHairlessOnesUITests/Info.plist;
				LD_RUNPATH_SEARCH_PATHS = "$(inherited) @executable_path/Frameworks @loader_path/Frameworks";
				PRODUCT_BUNDLE_IDENTIFIER = com.ray.SaveTheKittensExceptTheHairlessOnesUITests;
				PRODUCT_NAME = "$(TARGET_NAME)";
				SWIFT_VERSION = 3.0;
				TEST_TARGET_NAME = SaveTheKittensExceptTheHairlessOnes;
			};
			name = Release;
		};
/* End XCBuildConfiguration section */

/* Begin XCConfigurationList section */
		AB4668F11F00943500354538 /* Build configuration list for PBXProject "SaveTheKittensExceptTheHairlessOnes" */ = {
			isa = XCConfigurationList;
			buildConfigurations = (
				AB46691C1F00943500354538 /* Debug */,
				AB46691D1F00943500354538 /* Release */,
			);
			defaultConfigurationIsVisible = 0;
			defaultConfigurationName = Release;
		};
		AB46691E1F00943500354538 /* Build configuration list for PBXNativeTarget "SaveTheKittensExceptTheHairlessOnes" */ = {
			isa = XCConfigurationList;
			buildConfigurations = (
				AB46691F1F00943500354538 /* Debug */,
				AB4669201F00943500354538 /* Release */,
			);
			defaultConfigurationIsVisible = 0;
		};
		AB4669211F00943500354538 /* Build configuration list for PBXNativeTarget "SaveTheKittensExceptTheHairlessOnesTests" */ = {
			isa = XCConfigurationList;
			buildConfigurations = (
				AB4669221F00943500354538 /* Debug */,
				AB4669231F00943500354538 /* Release */,
			);
			defaultConfigurationIsVisible = 0;
		};
		AB4669241F00943500354538 /* Build configuration list for PBXNativeTarget "SaveTheKittensExceptTheHairlessOnesUITests" */ = {
			isa = XCConfigurationList;
			buildConfigurations = (
				AB4669251F00943500354538 /* Debug */,
				AB4669261F00943500354538 /* Release */,
			);
			defaultConfigurationIsVisible = 0;
		};
/* End XCConfigurationList section */
	};
	rootObject = AB4668EE1F00943500354538 /* Project object */;
}
